
Microsoft Visual Studio Solution File, Format Version 12.00
# Visual Studio Version 17
VisualStudioVersion = 17.7.34024.191
MinimumVisualStudioVersion = 10.0.40219.1
Project("{8BC9CEB8-8B4A-11D0-8D11-00A0C91BC942}") = "varianta75", "varianta75\varianta75.vcxproj", "{A54E4F6D-7B47-43BA-BAC8-CC965BECAA91}"
EndProject
Global
	GlobalSection(SolutionConfigurationPlatforms) = preSolution
		Debug|x64 = Debug|x64
		Debug|x86 = Debug|x86
		Release|x64 = Release|x64
		Release|x86 = Release|x86
	EndGlobalSection
	GlobalSection(ProjectConfigurationPlatforms) = postSolution
		{A54E4F6D-7B47-43BA-BAC8-CC965BECAA91}.Debug|x64.ActiveCfg = Debug|x64
		{A54E4F6D-7B47-43BA-BAC8-CC965BECAA91}.Debug|x64.Build.0 = Debug|x64
		{A54E4F6D-7B47-43BA-BAC8-CC965BECAA91}.Debug|x86.ActiveCfg = Debug|Win32
		{A54E4F6D-7B47-43BA-BAC8-CC965BECAA91}.Debug|x86.Build.0 = Debug|Win32
		{A54E4F6D-7B47-43BA-BAC8-CC965BECAA91}.Release|x64.ActiveCfg = Release|x64
		{A54E4F6D-7B47-43BA-BAC8-CC965BECAA91}.Release|x64.Build.0 = Release|x64
		{A54E4F6D-7B47-43BA-BAC8-CC965BECAA91}.Release|x86.ActiveCfg = Release|Win32
		{A54E4F6D-7B47-43BA-BAC8-CC965BECAA91}.Release|x86.Build.0 = Release|Win32
	EndGlobalSection
	GlobalSection(SolutionProperties) = preSolution
		HideSolutionNode = FALSE
	EndGlobalSection
	GlobalSection(ExtensibilityGlobals) = postSolution
		SolutionGuid = {E0770446-AFB5-4640-B3C7-E4235121CD6D}
	EndGlobalSection
EndGlobal
