
Microsoft Visual Studio Solution File, Format Version 12.00
# Visual Studio Version 17
VisualStudioVersion = 17.6.33815.320
MinimumVisualStudioVersion = 10.0.40219.1
Project("{8BC9CEB8-8B4A-11D0-8D11-00A0C91BC942}") = "varianta19", "varianta19\varianta19.vcxproj", "{1FCF5836-49F6-4CD0-8B4F-C0EF17C87317}"
EndProject
Global
	GlobalSection(SolutionConfigurationPlatforms) = preSolution
		Debug|x64 = Debug|x64
		Debug|x86 = Debug|x86
		Release|x64 = Release|x64
		Release|x86 = Release|x86
	EndGlobalSection
	GlobalSection(ProjectConfigurationPlatforms) = postSolution
		{1FCF5836-49F6-4CD0-8B4F-C0EF17C87317}.Debug|x64.ActiveCfg = Debug|x64
		{1FCF5836-49F6-4CD0-8B4F-C0EF17C87317}.Debug|x64.Build.0 = Debug|x64
		{1FCF5836-49F6-4CD0-8B4F-C0EF17C87317}.Debug|x86.ActiveCfg = Debug|Win32
		{1FCF5836-49F6-4CD0-8B4F-C0EF17C87317}.Debug|x86.Build.0 = Debug|Win32
		{1FCF5836-49F6-4CD0-8B4F-C0EF17C87317}.Release|x64.ActiveCfg = Release|x64
		{1FCF5836-49F6-4CD0-8B4F-C0EF17C87317}.Release|x64.Build.0 = Release|x64
		{1FCF5836-49F6-4CD0-8B4F-C0EF17C87317}.Release|x86.ActiveCfg = Release|Win32
		{1FCF5836-49F6-4CD0-8B4F-C0EF17C87317}.Release|x86.Build.0 = Release|Win32
	EndGlobalSection
	GlobalSection(SolutionProperties) = preSolution
		HideSolutionNode = FALSE
	EndGlobalSection
	GlobalSection(ExtensibilityGlobals) = postSolution
		SolutionGuid = {05A9E63D-66ED-4242-B53E-FC00648AE42A}
	EndGlobalSection
EndGlobal
